
Microsoft Visual Studio Solution File, Format Version 12.00
# Visual Studio Version 16
VisualStudioVersion = 16.0.31025.194
MinimumVisualStudioVersion = 10.0.40219.1
Project("{FAE04EC0-301F-11D3-BF4B-00C04F79EFBC}") = "trabalhoBlackJackMVC", "trabalhoBlackJackMVC\trabalhoBlackJackMVC.csproj", "{C6730939-4076-4AB3-B41D-C6F8B030B253}"
EndProject
Global
	GlobalSection(SolutionConfigurationPlatforms) = preSolution
		Debug|Any CPU = Debug|Any CPU
		Release|Any CPU = Release|Any CPU
	EndGlobalSection
	GlobalSection(ProjectConfigurationPlatforms) = postSolution
		{C6730939-4076-4AB3-B41D-C6F8B030B253}.Debug|Any CPU.ActiveCfg = Debug|Any CPU
		{C6730939-4076-4AB3-B41D-C6F8B030B253}.Debug|Any CPU.Build.0 = Debug|Any CPU
		{C6730939-4076-4AB3-B41D-C6F8B030B253}.Release|Any CPU.ActiveCfg = Release|Any CPU
		{C6730939-4076-4AB3-B41D-C6F8B030B253}.Release|Any CPU.Build.0 = Release|Any CPU
	EndGlobalSection
	GlobalSection(SolutionProperties) = preSolution
		HideSolutionNode = FALSE
	EndGlobalSection
	GlobalSection(ExtensibilityGlobals) = postSolution
		SolutionGuid = {D0FFB0FA-E9C3-4D4F-B86C-5F21C34EABAA}
	EndGlobalSection
EndGlobal
